
Microsoft Visual Studio Solution File, Format Version 12.00
# Visual Studio 15
VisualStudioVersion = 15.0.27004.2005
MinimumVisualStudioVersion = 10.0.40219.1
Project("{2150E333-8FDC-42A3-9474-1A3956D46DE8}") = "src", "src", "{5287FC1C-DFF8-4854-8D2A-4834FB28290D}"
EndProject
Project("{9A19103F-16F7-4668-BE54-9A1E7A4F7556}") = "SocialLoans", "SocialLoans\SocialLoans\SocialLoans.csproj", "{9DA24C73-4B59-48A9-B51C-260371ACC6B0}"
EndProject
Project("{9A19103F-16F7-4668-BE54-9A1E7A4F7556}") = "DAL", "SocialLoans\DAL\DAL.csproj", "{39D173E1-EC94-4408-850C-4B561BDBA037}"
EndProject
Project("{2150E333-8FDC-42A3-9474-1A3956D46DE8}") = "Stripe", "Stripe", "{45576EF1-F10B-45DE-BDAA-F607893A94F7}"
EndProject
Project("{9A19103F-16F7-4668-BE54-9A1E7A4F7556}") = "SocailLoans.Stripe", "SocailLoans.Stripe\SocailLoans.Stripe.csproj", "{25A6F9A4-3487-4DDF-A1D2-8C401C2C94FE}"
EndProject
Project("{9A19103F-16F7-4668-BE54-9A1E7A4F7556}") = "Stripe.net", "stripe-dotnet\src\Stripe.net\Stripe.net.csproj", "{E6284944-09B1-4195-B89F-7FC89FA9160F}"
EndProject
Project("{9A19103F-16F7-4668-BE54-9A1E7A4F7556}") = "SocialLoans.Payments", "SocialLoans.PaymentApi\SocialLoans.Payments.csproj", "{B64C9A0C-528E-490C-9A8A-D8C7B270914C}"
EndProject
Project("{9A19103F-16F7-4668-BE54-9A1E7A4F7556}") = "SocialLoan.Disclosures", "SocialLoan.Disclosures\SocialLoan.Disclosures.csproj", "{D2D1632D-A952-4633-B93B-BEF35690ECB5}"
EndProject
Project("{9A19103F-16F7-4668-BE54-9A1E7A4F7556}") = "SocialLoans.Qualifications", "SocialLoans.Qualifications\SocialLoans.Qualifications.csproj", "{6C8F95A9-02F9-4CC0-AEA4-4788B7C94A7B}"
EndProject
Project("{9A19103F-16F7-4668-BE54-9A1E7A4F7556}") = "WebApplication1", "WebApplication1\WebApplication1.csproj", "{E25055BD-62B8-4C0B-A311-7AB62F78D609}"
EndProject
Project("{9A19103F-16F7-4668-BE54-9A1E7A4F7556}") = "SocialLoans.Importers", "SocialLoans.Import\SocialLoans.Importers.csproj", "{24C31DA9-E0FF-4406-84BB-C5849617479B}"
EndProject
Project("{9A19103F-16F7-4668-BE54-9A1E7A4F7556}") = "SocialLoans.Util", "SocialLoans.Util\SocialLoans.Util.csproj", "{16E9C1C0-FF0E-4792-8C0B-3136F89C5757}"
EndProject
Project("{9A19103F-16F7-4668-BE54-9A1E7A4F7556}") = "SocialLoans.Factories", "SocialLoans.Factories\SocialLoans.Factories.csproj", "{84C545AC-F65E-4B56-86AE-75B1C68FB882}"
EndProject
Project("{9A19103F-16F7-4668-BE54-9A1E7A4F7556}") = "SocialLoans.Logging", "SocialLoans.Logging\SocialLoans.Logging.csproj", "{BC9D84CB-CA39-4C69-9A73-2E593F6C2CE2}"
EndProject
Project("{2150E333-8FDC-42A3-9474-1A3956D46DE8}") = "sandbox", "sandbox", "{0E50A785-8EEB-4A1B-B322-027C150FB417}"
EndProject
Project("{9A19103F-16F7-4668-BE54-9A1E7A4F7556}") = "WebApplication2", "WebApplication2\WebApplication2.csproj", "{9B92B614-1485-4063-9B00-461F18D17C35}"
EndProject
Project("{9A19103F-16F7-4668-BE54-9A1E7A4F7556}") = "WebApplication3", "WebApplication3\WebApplication3.csproj", "{B74AAD06-2606-4CD7-B1AC-6152183A25D5}"
EndProject
Project("{9A19103F-16F7-4668-BE54-9A1E7A4F7556}") = "SocialLoans.Domain", "SocialLoans.Domain\SocialLoans.Domain.csproj", "{763C5C19-F194-4550-8E2A-68B9CF068272}"
EndProject
Project("{9A19103F-16F7-4668-BE54-9A1E7A4F7556}") = "SocialLoans.Web", "SocialLoans.Web\SocialLoans.Web.csproj", "{C615E1F6-BE80-4393-9EF7-A2FD8AC01695}"
EndProject
Project("{9A19103F-16F7-4668-BE54-9A1E7A4F7556}") = "SocialLoans.Net", "SocialLoans\SocialLoans.Net\SocialLoans.Net.csproj", "{A22F407D-075B-4FF6-A370-65BE7648BA5B}"
EndProject
Project("{9A19103F-16F7-4668-BE54-9A1E7A4F7556}") = "SocialLoans.Communications", "SocialLoans.Communications\SocialLoans.Communications.csproj", "{0FFD7402-5ED9-425D-B3C2-BA581AB82680}"
EndProject
Project("{9A19103F-16F7-4668-BE54-9A1E7A4F7556}") = "SocialLoans.Utilities", "SocialLoans.Utilities\SocialLoans.Utilities.csproj", "{BBA7D431-85DF-408A-B0B4-EFEDCD417AF7}"
EndProject
Project("{FAE04EC0-301F-11D3-BF4B-00C04F79EFBC}") = "SocialLoans.Communications.Test.MsTest", "SocialLoans.Communications.Test.MsTest\SocialLoans.Communications.Test.MsTest.csproj", "{583EAC29-7419-47B1-9EAB-5C45371B8100}"
EndProject
Project("{FAE04EC0-301F-11D3-BF4B-00C04F79EFBC}") = "SocialLoans.Utilites.Test", "SocialLoans.Utilites.Test\SocialLoans.Utilites.Test.csproj", "{4AE71BA1-CE6E-4629-AE80-C9D2981B0C5F}"
EndProject
Global
	GlobalSection(SolutionConfigurationPlatforms) = preSolution
		Debug|Any CPU = Debug|Any CPU
		Release|Any CPU = Release|Any CPU
	EndGlobalSection
	GlobalSection(ProjectConfigurationPlatforms) = postSolution
		{9DA24C73-4B59-48A9-B51C-260371ACC6B0}.Debug|Any CPU.ActiveCfg = Debug|Any CPU
		{9DA24C73-4B59-48A9-B51C-260371ACC6B0}.Debug|Any CPU.Build.0 = Debug|Any CPU
		{9DA24C73-4B59-48A9-B51C-260371ACC6B0}.Release|Any CPU.ActiveCfg = Release|Any CPU
		{9DA24C73-4B59-48A9-B51C-260371ACC6B0}.Release|Any CPU.Build.0 = Release|Any CPU
		{39D173E1-EC94-4408-850C-4B561BDBA037}.Debug|Any CPU.ActiveCfg = Debug|Any CPU
		{39D173E1-EC94-4408-850C-4B561BDBA037}.Debug|Any CPU.Build.0 = Debug|Any CPU
		{39D173E1-EC94-4408-850C-4B561BDBA037}.Release|Any CPU.ActiveCfg = Release|Any CPU
		{39D173E1-EC94-4408-850C-4B561BDBA037}.Release|Any CPU.Build.0 = Release|Any CPU
		{25A6F9A4-3487-4DDF-A1D2-8C401C2C94FE}.Debug|Any CPU.ActiveCfg = Debug|Any CPU
		{25A6F9A4-3487-4DDF-A1D2-8C401C2C94FE}.Debug|Any CPU.Build.0 = Debug|Any CPU
		{25A6F9A4-3487-4DDF-A1D2-8C401C2C94FE}.Release|Any CPU.ActiveCfg = Release|Any CPU
		{25A6F9A4-3487-4DDF-A1D2-8C401C2C94FE}.Release|Any CPU.Build.0 = Release|Any CPU
		{E6284944-09B1-4195-B89F-7FC89FA9160F}.Debug|Any CPU.ActiveCfg = Debug|Any CPU
		{E6284944-09B1-4195-B89F-7FC89FA9160F}.Debug|Any CPU.Build.0 = Debug|Any CPU
		{E6284944-09B1-4195-B89F-7FC89FA9160F}.Release|Any CPU.ActiveCfg = Release|Any CPU
		{E6284944-09B1-4195-B89F-7FC89FA9160F}.Release|Any CPU.Build.0 = Release|Any CPU
		{B64C9A0C-528E-490C-9A8A-D8C7B270914C}.Debug|Any CPU.ActiveCfg = Debug|Any CPU
		{B64C9A0C-528E-490C-9A8A-D8C7B270914C}.Debug|Any CPU.Build.0 = Debug|Any CPU
		{B64C9A0C-528E-490C-9A8A-D8C7B270914C}.Release|Any CPU.ActiveCfg = Release|Any CPU
		{B64C9A0C-528E-490C-9A8A-D8C7B270914C}.Release|Any CPU.Build.0 = Release|Any CPU
		{D2D1632D-A952-4633-B93B-BEF35690ECB5}.Debug|Any CPU.ActiveCfg = Debug|Any CPU
		{D2D1632D-A952-4633-B93B-BEF35690ECB5}.Debug|Any CPU.Build.0 = Debug|Any CPU
		{D2D1632D-A952-4633-B93B-BEF35690ECB5}.Release|Any CPU.ActiveCfg = Release|Any CPU
		{D2D1632D-A952-4633-B93B-BEF35690ECB5}.Release|Any CPU.Build.0 = Release|Any CPU
		{6C8F95A9-02F9-4CC0-AEA4-4788B7C94A7B}.Debug|Any CPU.ActiveCfg = Debug|Any CPU
		{6C8F95A9-02F9-4CC0-AEA4-4788B7C94A7B}.Debug|Any CPU.Build.0 = Debug|Any CPU
		{6C8F95A9-02F9-4CC0-AEA4-4788B7C94A7B}.Release|Any CPU.ActiveCfg = Release|Any CPU
		{6C8F95A9-02F9-4CC0-AEA4-4788B7C94A7B}.Release|Any CPU.Build.0 = Release|Any CPU
		{E25055BD-62B8-4C0B-A311-7AB62F78D609}.Debug|Any CPU.ActiveCfg = Debug|Any CPU
		{E25055BD-62B8-4C0B-A311-7AB62F78D609}.Debug|Any CPU.Build.0 = Debug|Any CPU
		{E25055BD-62B8-4C0B-A311-7AB62F78D609}.Release|Any CPU.ActiveCfg = Release|Any CPU
		{E25055BD-62B8-4C0B-A311-7AB62F78D609}.Release|Any CPU.Build.0 = Release|Any CPU
		{24C31DA9-E0FF-4406-84BB-C5849617479B}.Debug|Any CPU.ActiveCfg = Debug|Any CPU
		{24C31DA9-E0FF-4406-84BB-C5849617479B}.Debug|Any CPU.Build.0 = Debug|Any CPU
		{24C31DA9-E0FF-4406-84BB-C5849617479B}.Release|Any CPU.ActiveCfg = Release|Any CPU
		{24C31DA9-E0FF-4406-84BB-C5849617479B}.Release|Any CPU.Build.0 = Release|Any CPU
		{16E9C1C0-FF0E-4792-8C0B-3136F89C5757}.Debug|Any CPU.ActiveCfg = Debug|Any CPU
		{16E9C1C0-FF0E-4792-8C0B-3136F89C5757}.Debug|Any CPU.Build.0 = Debug|Any CPU
		{16E9C1C0-FF0E-4792-8C0B-3136F89C5757}.Release|Any CPU.ActiveCfg = Release|Any CPU
		{16E9C1C0-FF0E-4792-8C0B-3136F89C5757}.Release|Any CPU.Build.0 = Release|Any CPU
		{84C545AC-F65E-4B56-86AE-75B1C68FB882}.Debug|Any CPU.ActiveCfg = Debug|Any CPU
		{84C545AC-F65E-4B56-86AE-75B1C68FB882}.Debug|Any CPU.Build.0 = Debug|Any CPU
		{84C545AC-F65E-4B56-86AE-75B1C68FB882}.Release|Any CPU.ActiveCfg = Release|Any CPU
		{84C545AC-F65E-4B56-86AE-75B1C68FB882}.Release|Any CPU.Build.0 = Release|Any CPU
		{BC9D84CB-CA39-4C69-9A73-2E593F6C2CE2}.Debug|Any CPU.ActiveCfg = Debug|Any CPU
		{BC9D84CB-CA39-4C69-9A73-2E593F6C2CE2}.Debug|Any CPU.Build.0 = Debug|Any CPU
		{BC9D84CB-CA39-4C69-9A73-2E593F6C2CE2}.Release|Any CPU.ActiveCfg = Release|Any CPU
		{BC9D84CB-CA39-4C69-9A73-2E593F6C2CE2}.Release|Any CPU.Build.0 = Release|Any CPU
		{9B92B614-1485-4063-9B00-461F18D17C35}.Debug|Any CPU.ActiveCfg = Debug|Any CPU
		{9B92B614-1485-4063-9B00-461F18D17C35}.Debug|Any CPU.Build.0 = Debug|Any CPU
		{9B92B614-1485-4063-9B00-461F18D17C35}.Release|Any CPU.ActiveCfg = Release|Any CPU
		{9B92B614-1485-4063-9B00-461F18D17C35}.Release|Any CPU.Build.0 = Release|Any CPU
		{B74AAD06-2606-4CD7-B1AC-6152183A25D5}.Debug|Any CPU.ActiveCfg = Debug|Any CPU
		{B74AAD06-2606-4CD7-B1AC-6152183A25D5}.Debug|Any CPU.Build.0 = Debug|Any CPU
		{B74AAD06-2606-4CD7-B1AC-6152183A25D5}.Release|Any CPU.ActiveCfg = Release|Any CPU
		{B74AAD06-2606-4CD7-B1AC-6152183A25D5}.Release|Any CPU.Build.0 = Release|Any CPU
		{763C5C19-F194-4550-8E2A-68B9CF068272}.Debug|Any CPU.ActiveCfg = Debug|Any CPU
		{763C5C19-F194-4550-8E2A-68B9CF068272}.Debug|Any CPU.Build.0 = Debug|Any CPU
		{763C5C19-F194-4550-8E2A-68B9CF068272}.Release|Any CPU.ActiveCfg = Release|Any CPU
		{763C5C19-F194-4550-8E2A-68B9CF068272}.Release|Any CPU.Build.0 = Release|Any CPU
		{C615E1F6-BE80-4393-9EF7-A2FD8AC01695}.Debug|Any CPU.ActiveCfg = Debug|Any CPU
		{C615E1F6-BE80-4393-9EF7-A2FD8AC01695}.Debug|Any CPU.Build.0 = Debug|Any CPU
		{C615E1F6-BE80-4393-9EF7-A2FD8AC01695}.Release|Any CPU.ActiveCfg = Release|Any CPU
		{C615E1F6-BE80-4393-9EF7-A2FD8AC01695}.Release|Any CPU.Build.0 = Release|Any CPU
		{A22F407D-075B-4FF6-A370-65BE7648BA5B}.Debug|Any CPU.ActiveCfg = Debug|Any CPU
		{A22F407D-075B-4FF6-A370-65BE7648BA5B}.Debug|Any CPU.Build.0 = Debug|Any CPU
		{A22F407D-075B-4FF6-A370-65BE7648BA5B}.Release|Any CPU.ActiveCfg = Release|Any CPU
		{A22F407D-075B-4FF6-A370-65BE7648BA5B}.Release|Any CPU.Build.0 = Release|Any CPU
		{0FFD7402-5ED9-425D-B3C2-BA581AB82680}.Debug|Any CPU.ActiveCfg = Debug|Any CPU
		{0FFD7402-5ED9-425D-B3C2-BA581AB82680}.Debug|Any CPU.Build.0 = Debug|Any CPU
		{0FFD7402-5ED9-425D-B3C2-BA581AB82680}.Release|Any CPU.ActiveCfg = Release|Any CPU
		{0FFD7402-5ED9-425D-B3C2-BA581AB82680}.Release|Any CPU.Build.0 = Release|Any CPU
		{BBA7D431-85DF-408A-B0B4-EFEDCD417AF7}.Debug|Any CPU.ActiveCfg = Debug|Any CPU
		{BBA7D431-85DF-408A-B0B4-EFEDCD417AF7}.Debug|Any CPU.Build.0 = Debug|Any CPU
		{BBA7D431-85DF-408A-B0B4-EFEDCD417AF7}.Release|Any CPU.ActiveCfg = Release|Any CPU
		{BBA7D431-85DF-408A-B0B4-EFEDCD417AF7}.Release|Any CPU.Build.0 = Release|Any CPU
		{583EAC29-7419-47B1-9EAB-5C45371B8100}.Debug|Any CPU.ActiveCfg = Debug|Any CPU
		{583EAC29-7419-47B1-9EAB-5C45371B8100}.Debug|Any CPU.Build.0 = Debug|Any CPU
		{583EAC29-7419-47B1-9EAB-5C45371B8100}.Release|Any CPU.ActiveCfg = Release|Any CPU
		{583EAC29-7419-47B1-9EAB-5C45371B8100}.Release|Any CPU.Build.0 = Release|Any CPU
		{4AE71BA1-CE6E-4629-AE80-C9D2981B0C5F}.Debug|Any CPU.ActiveCfg = Debug|Any CPU
		{4AE71BA1-CE6E-4629-AE80-C9D2981B0C5F}.Debug|Any CPU.Build.0 = Debug|Any CPU
		{4AE71BA1-CE6E-4629-AE80-C9D2981B0C5F}.Release|Any CPU.ActiveCfg = Release|Any CPU
		{4AE71BA1-CE6E-4629-AE80-C9D2981B0C5F}.Release|Any CPU.Build.0 = Release|Any CPU
	EndGlobalSection
	GlobalSection(SolutionProperties) = preSolution
		HideSolutionNode = FALSE
	EndGlobalSection
	GlobalSection(NestedProjects) = preSolution
		{9DA24C73-4B59-48A9-B51C-260371ACC6B0} = {5287FC1C-DFF8-4854-8D2A-4834FB28290D}
		{39D173E1-EC94-4408-850C-4B561BDBA037} = {5287FC1C-DFF8-4854-8D2A-4834FB28290D}
		{45576EF1-F10B-45DE-BDAA-F607893A94F7} = {5287FC1C-DFF8-4854-8D2A-4834FB28290D}
		{25A6F9A4-3487-4DDF-A1D2-8C401C2C94FE} = {45576EF1-F10B-45DE-BDAA-F607893A94F7}
		{E6284944-09B1-4195-B89F-7FC89FA9160F} = {45576EF1-F10B-45DE-BDAA-F607893A94F7}
		{B64C9A0C-528E-490C-9A8A-D8C7B270914C} = {5287FC1C-DFF8-4854-8D2A-4834FB28290D}
		{D2D1632D-A952-4633-B93B-BEF35690ECB5} = {5287FC1C-DFF8-4854-8D2A-4834FB28290D}
		{6C8F95A9-02F9-4CC0-AEA4-4788B7C94A7B} = {5287FC1C-DFF8-4854-8D2A-4834FB28290D}
		{E25055BD-62B8-4C0B-A311-7AB62F78D609} = {0E50A785-8EEB-4A1B-B322-027C150FB417}
		{24C31DA9-E0FF-4406-84BB-C5849617479B} = {5287FC1C-DFF8-4854-8D2A-4834FB28290D}
		{16E9C1C0-FF0E-4792-8C0B-3136F89C5757} = {5287FC1C-DFF8-4854-8D2A-4834FB28290D}
		{84C545AC-F65E-4B56-86AE-75B1C68FB882} = {5287FC1C-DFF8-4854-8D2A-4834FB28290D}
		{BC9D84CB-CA39-4C69-9A73-2E593F6C2CE2} = {5287FC1C-DFF8-4854-8D2A-4834FB28290D}
		{9B92B614-1485-4063-9B00-461F18D17C35} = {0E50A785-8EEB-4A1B-B322-027C150FB417}
		{B74AAD06-2606-4CD7-B1AC-6152183A25D5} = {0E50A785-8EEB-4A1B-B322-027C150FB417}
		{763C5C19-F194-4550-8E2A-68B9CF068272} = {5287FC1C-DFF8-4854-8D2A-4834FB28290D}
		{C615E1F6-BE80-4393-9EF7-A2FD8AC01695} = {5287FC1C-DFF8-4854-8D2A-4834FB28290D}
		{A22F407D-075B-4FF6-A370-65BE7648BA5B} = {5287FC1C-DFF8-4854-8D2A-4834FB28290D}
		{0FFD7402-5ED9-425D-B3C2-BA581AB82680} = {5287FC1C-DFF8-4854-8D2A-4834FB28290D}
		{BBA7D431-85DF-408A-B0B4-EFEDCD417AF7} = {5287FC1C-DFF8-4854-8D2A-4834FB28290D}
		{583EAC29-7419-47B1-9EAB-5C45371B8100} = {5287FC1C-DFF8-4854-8D2A-4834FB28290D}
		{4AE71BA1-CE6E-4629-AE80-C9D2981B0C5F} = {5287FC1C-DFF8-4854-8D2A-4834FB28290D}
	EndGlobalSection
	GlobalSection(ExtensibilityGlobals) = postSolution
		SolutionGuid = {C6656E5E-22DD-4333-A2D8-8A11E954E00D}
	EndGlobalSection
EndGlobal
